
Microsoft Visual Studio Solution File, Format Version 11.00
# Visual Studio 2010
Project("{FAE04EC0-301F-11D3-BF4B-00C04F79EFBC}") = "Assembly-CSharp", "Assembly-CSharp.csproj", "{25990617-2587-7058-5766-5949451d3d31}"
EndProject
Project("{FAE04EC0-301F-11D3-BF4B-00C04F79EFBC}") = "Assembly-CSharp-Editor", "Assembly-CSharp-Editor.csproj", "{3071cffa-8651-857c-e851-194907d1b8dd}"
EndProject
Global
	GlobalSection(SolutionConfigurationPlatforms) = preSolution
		Debug|Any CPU = Debug|Any CPU
	EndGlobalSection
	GlobalSection(ProjectConfigurationPlatforms) = postSolution
		{25990617-2587-7058-5766-5949451d3d31}.Debug|Any CPU.ActiveCfg = Debug|Any CPU
		{25990617-2587-7058-5766-5949451d3d31}.Debug|Any CPU.Build.0 = Debug|Any CPU
		{3071cffa-8651-857c-e851-194907d1b8dd}.Debug|Any CPU.ActiveCfg = Debug|Any CPU
		{3071cffa-8651-857c-e851-194907d1b8dd}.Debug|Any CPU.Build.0 = Debug|Any CPU
	EndGlobalSection
	GlobalSection(SolutionProperties) = preSolution
		HideSolutionNode = FALSE
	EndGlobalSection
EndGlobal
